{
  "name": "nextn",
  "version": "0.1.0",
  "lockfileVersion": 3,
  "requires": true,
  "packages": {
    "": {
      "name": "nextn",
      "version": "0.1.0",
      "dependencies": {
        "next": "15.5.9",
        "react": "^19.2.1",
        "react-dom": "^19.2.1",
        "resend": "^3.5.0"
      }
    }
  }
}